{
  "name": "potgrowhub",
  "version": "1.0.0",
  "lockfileVersion": 3,
  "requires": true,
  "packages": {
    "": {
      "name": "potgrowhub",
      "version": "1.0.0",
      "workspaces": [
        "apps/*",
        "packages/*"
      ],
      "engines": {
        "node": ">=18.0.0",
        "npm": ">=9.0.0"
      }
    },
    "apps/admin": {
      "name": "@potgrowhub/admin",
      "version": "0.1.0"
    },
    "apps/api": {
      "name": "@potgrowhub/api",
      "version": "0.1.0"
    },
    "apps/web": {
      "name": "@potgrowhub/web",
      "version": "0.1.0"
    },
    "apps/worker": {
      "name": "@potgrowhub/worker",
      "version": "0.1.0"
    },
    "node_modules/@potgrowhub/admin": {
      "resolved": "apps/admin",
      "link": true
    },
    "node_modules/@potgrowhub/ai": {
      "resolved": "packages/ai",
      "link": true
    },
    "node_modules/@potgrowhub/analytics": {
      "resolved": "packages/analytics",
      "link": true
    },
    "node_modules/@potgrowhub/api": {
      "resolved": "apps/api",
      "link": true
    },
    "node_modules/@potgrowhub/api-client": {
      "resolved": "packages/api-client",
      "link": true
    },
    "node_modules/@potgrowhub/auth": {
      "resolved": "packages/auth",
      "link": true
    },
    "node_modules/@potgrowhub/compliance": {
      "resolved": "packages/compliance",
      "link": true
    },
    "node_modules/@potgrowhub/config": {
      "resolved": "packages/config",
      "link": true
    },
    "node_modules/@potgrowhub/database": {
      "resolved": "packages/database",
      "link": true
    },
    "node_modules/@potgrowhub/design-system": {
      "resolved": "packages/design-system",
      "link": true
    },
    "node_modules/@potgrowhub/integrations": {
      "resolved": "packages/integrations",
      "link": true
    },
    "node_modules/@potgrowhub/permissions": {
      "resolved": "packages/permissions",
      "link": true
    },
    "node_modules/@potgrowhub/types": {
      "resolved": "packages/types",
      "link": true
    },
    "node_modules/@potgrowhub/ui": {
      "resolved": "packages/ui",
      "link": true
    },
    "node_modules/@potgrowhub/validation": {
      "resolved": "packages/validation",
      "link": true
    },
    "node_modules/@potgrowhub/web": {
      "resolved": "apps/web",
      "link": true
    },
    "node_modules/@potgrowhub/worker": {
      "resolved": "apps/worker",
      "link": true
    },
    "packages/ai": {
      "name": "@potgrowhub/ai",
      "version": "0.1.0"
    },
    "packages/analytics": {
      "name": "@potgrowhub/analytics",
      "version": "0.1.0"
    },
    "packages/api-client": {
      "name": "@potgrowhub/api-client",
      "version": "0.1.0"
    },
    "packages/auth": {
      "name": "@potgrowhub/auth",
      "version": "0.1.0"
    },
    "packages/compliance": {
      "name": "@potgrowhub/compliance",
      "version": "0.1.0"
    },
    "packages/config": {
      "name": "@potgrowhub/config",
      "version": "0.1.0"
    },
    "packages/database": {
      "name": "@potgrowhub/database",
      "version": "0.1.0"
    },
    "packages/design-system": {
      "name": "@potgrowhub/design-system",
      "version": "0.1.0"
    },
    "packages/integrations": {
      "name": "@potgrowhub/integrations",
      "version": "0.1.0"
    },
    "packages/permissions": {
      "name": "@potgrowhub/permissions",
      "version": "0.1.0"
    },
    "packages/types": {
      "name": "@potgrowhub/types",
      "version": "0.1.0"
    },
    "packages/ui": {
      "name": "@potgrowhub/ui",
      "version": "0.1.0"
    },
    "packages/validation": {
      "name": "@potgrowhub/validation",
      "version": "0.1.0"
    }
  }
}
